// !$*UTF8*$!
{
	archiveVersion = 1;
	classes = {
	};
	objectVersion = 46;
	objects = {

/* Begin PBXBuildFile section */
		DD26B1E31D20D16100E1F4BC /* WeeklyWeatherTableTableViewController.swift in Sources */ = {isa = PBXBuildFile; fileRef = DD26B1E21D20D16100E1F4BC /* WeeklyWeatherTableTableViewController.swift */; };
		DD26B1E51D20D38600E1F4BC /* WeeklyWeatherTableViewCell.swift in Sources */ = {isa = PBXBuildFile; fileRef = DD26B1E41D20D38500E1F4BC /* WeeklyWeatherTableViewCell.swift */; };
		DD88E3161D22790800C4C16C /* MapKit.framework in Frameworks */ = {isa = PBXBuildFile; fileRef = DD88E3151D22790800C4C16C /* MapKit.framework */; };
		DD88E3181D227B3700C4C16C /* APIKey.swift in Sources */ = {isa = PBXBuildFile; fileRef = DD88E3171D227B3700C4C16C /* APIKey.swift */; };
		DDAD92D01D1D6F500001030B /* AppDelegate.swift in Sources */ = {isa = PBXBuildFile; fileRef = DDAD92CF1D1D6F500001030B /* AppDelegate.swift */; };
		DDAD92D51D1D6F500001030B /* Main.storyboard in Resources */ = {isa = PBXBuildFile; fileRef = DDAD92D31D1D6F500001030B /* Main.storyboard */; };
		DDAD92D71D1D6F500001030B /* Assets.xcassets in Resources */ = {isa = PBXBuildFile; fileRef = DDAD92D61D1D6F500001030B /* Assets.xcassets */; };
		DDAD92DA1D1D6F500001030B /* LaunchScreen.storyboard in Resources */ = {isa = PBXBuildFile; fileRef = DDAD92D81D1D6F500001030B /* LaunchScreen.storyboard */; };
		DDAD92E31D1E40820001030B /* CurrentWeatherSnapShot.swift in Sources */ = {isa = PBXBuildFile; fileRef = DDAD92E21D1E40810001030B /* CurrentWeatherSnapShot.swift */; };
		DDAD92E51D1E41910001030B /* WeatherIconFactory.swift in Sources */ = {isa = PBXBuildFile; fileRef = DDAD92E41D1E41910001030B /* WeatherIconFactory.swift */; };
		DDAD92E71D1ED2530001030B /* APIClient.swift in Sources */ = {isa = PBXBuildFile; fileRef = DDAD92E61D1ED2530001030B /* APIClient.swift */; };
		DDAD92E91D1F961F0001030B /* ForecastAPIClient.swift in Sources */ = {isa = PBXBuildFile; fileRef = DDAD92E81D1F961F0001030B /* ForecastAPIClient.swift */; };
		DDFD2F861D20F8A00046484B /* WeeklyWeather.swift in Sources */ = {isa = PBXBuildFile; fileRef = DDFD2F851D20F8A00046484B /* WeeklyWeather.swift */; };
		DDFD2F881D21139E0046484B /* DailyWeather.swift in Sources */ = {isa = PBXBuildFile; fileRef = DDFD2F871D21139E0046484B /* DailyWeather.swift */; };
		DDFD2F8D1D215B480046484B /* DetailedWeatherViewController.swift in Sources */ = {isa = PBXBuildFile; fileRef = DDFD2F8C1D215B470046484B /* DetailedWeatherViewController.swift */; };
/* End PBXBuildFile section */

/* Begin PBXFileReference section */
		DD26B1E21D20D16100E1F4BC /* WeeklyWeatherTableTableViewController.swift */ = {isa = PBXFileReference; fileEncoding = 4; lastKnownFileType = sourcecode.swift; path = WeeklyWeatherTableTableViewController.swift; sourceTree = "<group>"; };
		DD26B1E41D20D38500E1F4BC /* WeeklyWeatherTableViewCell.swift */ = {isa = PBXFileReference; fileEncoding = 4; lastKnownFileType = sourcecode.swift; path = WeeklyWeatherTableViewCell.swift; sourceTree = "<group>"; };
		DD88E3151D22790800C4C16C /* MapKit.framework */ = {isa = PBXFileReference; lastKnownFileType = wrapper.framework; name = MapKit.framework; path = System/Library/Frameworks/MapKit.framework; sourceTree = SDKROOT; };
		DD88E3171D227B3700C4C16C /* APIKey.swift */ = {isa = PBXFileReference; fileEncoding = 4; lastKnownFileType = sourcecode.swift; path = APIKey.swift; sourceTree = "<group>"; };
		DDAD92CC1D1D6F500001030B /* Jawa.app */ = {isa = PBXFileReference; explicitFileType = wrapper.application; includeInIndex = 0; path = Jawa.app; sourceTree = BUILT_PRODUCTS_DIR; };
		DDAD92CF1D1D6F500001030B /* AppDelegate.swift */ = {isa = PBXFileReference; lastKnownFileType = sourcecode.swift; path = AppDelegate.swift; sourceTree = "<group>"; };
		DDAD92D41D1D6F500001030B /* Base */ = {isa = PBXFileReference; lastKnownFileType = file.storyboard; name = Base; path = Base.lproj/Main.storyboard; sourceTree = "<group>"; };
		DDAD92D61D1D6F500001030B /* Assets.xcassets */ = {isa = PBXFileReference; lastKnownFileType = folder.assetcatalog; path = Assets.xcassets; sourceTree = "<group>"; };
		DDAD92D91D1D6F500001030B /* Base */ = {isa = PBXFileReference; lastKnownFileType = file.storyboard; name = Base; path = Base.lproj/LaunchScreen.storyboard; sourceTree = "<group>"; };
		DDAD92DB1D1D6F500001030B /* Info.plist */ = {isa = PBXFileReference; lastKnownFileType = text.plist.xml; path = Info.plist; sourceTree = "<group>"; };
		DDAD92E21D1E40810001030B /* CurrentWeatherSnapShot.swift */ = {isa = PBXFileReference; fileEncoding = 4; lastKnownFileType = sourcecode.swift; path = CurrentWeatherSnapShot.swift; sourceTree = "<group>"; };
		DDAD92E41D1E41910001030B /* WeatherIconFactory.swift */ = {isa = PBXFileReference; fileEncoding = 4; lastKnownFileType = sourcecode.swift; path = WeatherIconFactory.swift; sourceTree = "<group>"; };
		DDAD92E61D1ED2530001030B /* APIClient.swift */ = {isa = PBXFileReference; fileEncoding = 4; lastKnownFileType = sourcecode.swift; path = APIClient.swift; sourceTree = "<group>"; };
		DDAD92E81D1F961F0001030B /* ForecastAPIClient.swift */ = {isa = PBXFileReference; fileEncoding = 4; lastKnownFileType = sourcecode.swift; path = ForecastAPIClient.swift; sourceTree = "<group>"; };
		DDFD2F851D20F8A00046484B /* WeeklyWeather.swift */ = {isa = PBXFileReference; fileEncoding = 4; lastKnownFileType = sourcecode.swift; path = WeeklyWeather.swift; sourceTree = "<group>"; };
		DDFD2F871D21139E0046484B /* DailyWeather.swift */ = {isa = PBXFileReference; fileEncoding = 4; lastKnownFileType = sourcecode.swift; path = DailyWeather.swift; sourceTree = "<group>"; };
		DDFD2F8C1D215B470046484B /* DetailedWeatherViewController.swift */ = {isa = PBXFileReference; fileEncoding = 4; lastKnownFileType = sourcecode.swift; path = DetailedWeatherViewController.swift; sourceTree = "<group>"; };
/* End PBXFileReference section */

/* Begin PBXFrameworksBuildPhase section */
		DDAD92C91D1D6F500001030B /* Frameworks */ = {
			isa = PBXFrameworksBuildPhase;
			buildActionMask = 2147483647;
			files = (
				DD88E3161D22790800C4C16C /* MapKit.framework in Frameworks */,
			);
			runOnlyForDeploymentPostprocessing = 0;
		};
/* End PBXFrameworksBuildPhase section */

/* Begin PBXGroup section */
		DDAD92C31D1D6F500001030B = {
			isa = PBXGroup;
			children = (
				DD88E3151D22790800C4C16C /* MapKit.framework */,
				DDAD92CE1D1D6F500001030B /* Jawa */,
				DDAD92CD1D1D6F500001030B /* Products */,
			);
			sourceTree = "<group>";
		};
		DDAD92CD1D1D6F500001030B /* Products */ = {
			isa = PBXGroup;
			children = (
				DDAD92CC1D1D6F500001030B /* Jawa.app */,
			);
			name = Products;
			sourceTree = "<group>";
		};
		DDAD92CE1D1D6F500001030B /* Jawa */ = {
			isa = PBXGroup;
			children = (
				DDFD2F8B1D2143160046484B /* View */,
				DDFD2F8A1D21430B0046484B /* Supporting Files */,
				DDFD2F891D2143000046484B /* Controller */,
				DDAD92E11D1E404D0001030B /* Model */,
				DDAD92D61D1D6F500001030B /* Assets.xcassets */,
			);
			path = Jawa;
			sourceTree = "<group>";
		};
		DDAD92E11D1E404D0001030B /* Model */ = {
			isa = PBXGroup;
			children = (
				DDAD92E21D1E40810001030B /* CurrentWeatherSnapShot.swift */,
				DDAD92E41D1E41910001030B /* WeatherIconFactory.swift */,
				DDAD92E61D1ED2530001030B /* APIClient.swift */,
				DDAD92E81D1F961F0001030B /* ForecastAPIClient.swift */,
				DDFD2F851D20F8A00046484B /* WeeklyWeather.swift */,
				DDFD2F871D21139E0046484B /* DailyWeather.swift */,
				DD88E3171D227B3700C4C16C /* APIKey.swift */,
			);
			name = Model;
			sourceTree = "<group>";
		};
		DDFD2F891D2143000046484B /* Controller */ = {
			isa = PBXGroup;
			children = (
				DD26B1E41D20D38500E1F4BC /* WeeklyWeatherTableViewCell.swift */,
				DD26B1E21D20D16100E1F4BC /* WeeklyWeatherTableTableViewController.swift */,
				DDFD2F8C1D215B470046484B /* DetailedWeatherViewController.swift */,
			);
			name = Controller;
			sourceTree = "<group>";
		};
		DDFD2F8A1D21430B0046484B /* Supporting Files */ = {
			isa = PBXGroup;
			children = (
				DDAD92CF1D1D6F500001030B /* AppDelegate.swift */,
				DDAD92DB1D1D6F500001030B /* Info.plist */,
			);
			name = "Supporting Files";
			sourceTree = "<group>";
		};
		DDFD2F8B1D2143160046484B /* View */ = {
			isa = PBXGroup;
			children = (
				DDAD92D31D1D6F500001030B /* Main.storyboard */,
				DDAD92D81D1D6F500001030B /* LaunchScreen.storyboard */,
			);
			name = View;
			sourceTree = "<group>";
		};
/* End PBXGroup section */

/* Begin PBXNativeTarget section */
		DDAD92CB1D1D6F500001030B /* Jawa */ = {
			isa = PBXNativeTarget;
			buildConfigurationList = DDAD92DE1D1D6F500001030B /* Build configuration list for PBXNativeTarget "Jawa" */;
			buildPhases = (
				DDAD92C81D1D6F500001030B /* Sources */,
				DDAD92C91D1D6F500001030B /* Frameworks */,
				DDAD92CA1D1D6F500001030B /* Resources */,
			);
			buildRules = (
			);
			dependencies = (
			);
			name = Jawa;
			productName = Jawa;
			productReference = DDAD92CC1D1D6F500001030B /* Jawa.app */;
			productType = "com.apple.product-type.application";
		};
/* End PBXNativeTarget section */

/* Begin PBXProject section */
		DDAD92C41D1D6F500001030B /* Project object */ = {
			isa = PBXProject;
			attributes = {
				LastSwiftUpdateCheck = 0730;
				LastUpgradeCheck = 0730;
				ORGANIZATIONNAME = "Mitul Manish";
				TargetAttributes = {
					DDAD92CB1D1D6F500001030B = {
						CreatedOnToolsVersion = 7.3.1;
						DevelopmentTeam = RNF8E69GKB;
						SystemCapabilities = {
							com.apple.Maps.iOS = {
								enabled = 1;
							};
						};
					};
				};
			};
			buildConfigurationList = DDAD92C71D1D6F500001030B /* Build configuration list for PBXProject "Jawa" */;
			compatibilityVersion = "Xcode 3.2";
			developmentRegion = English;
			hasScannedForEncodings = 0;
			knownRegions = (
				en,
				Base,
			);
			mainGroup = DDAD92C31D1D6F500001030B;
			productRefGroup = DDAD92CD1D1D6F500001030B /* Products */;
			projectDirPath = "";
			projectRoot = "";
			targets = (
				DDAD92CB1D1D6F500001030B /* Jawa */,
			);
		};
/* End PBXProject section */

/* Begin PBXResourcesBuildPhase section */
		DDAD92CA1D1D6F500001030B /* Resources */ = {
			isa = PBXResourcesBuildPhase;
			buildActionMask = 2147483647;
			files = (
				DDAD92DA1D1D6F500001030B /* LaunchScreen.storyboard in Resources */,
				DDAD92D71D1D6F500001030B /* Assets.xcassets in Resources */,
				DDAD92D51D1D6F500001030B /* Main.storyboard in Resources */,
			);
			runOnlyForDeploymentPostprocessing = 0;
		};
/* End PBXResourcesBuildPhase section */

/* Begin PBXSourcesBuildPhase section */
		DDAD92C81D1D6F500001030B /* Sources */ = {
			isa = PBXSourcesBuildPhase;
			buildActionMask = 2147483647;
			files = (
				DD26B1E31D20D16100E1F4BC /* WeeklyWeatherTableTableViewController.swift in Sources */,
				DDAD92E91D1F961F0001030B /* ForecastAPIClient.swift in Sources */,
				DDAD92E51D1E41910001030B /* WeatherIconFactory.swift in Sources */,
				DDFD2F8D1D215B480046484B /* DetailedWeatherViewController.swift in Sources */,
				DDAD92E31D1E40820001030B /* CurrentWeatherSnapShot.swift in Sources */,
				DDAD92E71D1ED2530001030B /* APIClient.swift in Sources */,
				DD88E3181D227B3700C4C16C /* APIKey.swift in Sources */,
				DD26B1E51D20D38600E1F4BC /* WeeklyWeatherTableViewCell.swift in Sources */,
				DDAD92D01D1D6F500001030B /* AppDelegate.swift in Sources */,
				DDFD2F861D20F8A00046484B /* WeeklyWeather.swift in Sources */,
				DDFD2F881D21139E0046484B /* DailyWeather.swift in Sources */,
			);
			runOnlyForDeploymentPostprocessing = 0;
		};
/* End PBXSourcesBuildPhase section */

/* Begin PBXVariantGroup section */
		DDAD92D31D1D6F500001030B /* Main.storyboard */ = {
			isa = PBXVariantGroup;
			children = (
				DDAD92D41D1D6F500001030B /* Base */,
			);
			name = Main.storyboard;
			sourceTree = "<group>";
		};
		DDAD92D81D1D6F500001030B /* LaunchScreen.storyboard */ = {
			isa = PBXVariantGroup;
			children = (
				DDAD92D91D1D6F500001030B /* Base */,
			);
			name = LaunchScreen.storyboard;
			sourceTree = "<group>";
		};
/* End PBXVariantGroup section */

/* Begin XCBuildConfiguration section */
		DDAD92DC1D1D6F500001030B /* Debug */ = {
			isa = XCBuildConfiguration;
			buildSettings = {
				ALWAYS_SEARCH_USER_PATHS = NO;
				CLANG_ANALYZER_NONNULL = YES;
				CLANG_CXX_LANGUAGE_STANDARD = "gnu++0x";
				CLANG_CXX_LIBRARY = "libc++";
				CLANG_ENABLE_MODULES = YES;
				CLANG_ENABLE_OBJC_ARC = YES;
				CLANG_WARN_BOOL_CONVERSION = YES;
				CLANG_WARN_CONSTANT_CONVERSION = YES;
				CLANG_WARN_DIRECT_OBJC_ISA_USAGE = YES_ERROR;
				CLANG_WARN_EMPTY_BODY = YES;
				CLANG_WARN_ENUM_CONVERSION = YES;
				CLANG_WARN_INT_CONVERSION = YES;
				CLANG_WARN_OBJC_ROOT_CLASS = YES_ERROR;
				CLANG_WARN_UNREACHABLE_CODE = YES;
				CLANG_WARN__DUPLICATE_METHOD_MATCH = YES;
				"CODE_SIGN_IDENTITY[sdk=iphoneos*]" = "iPhone Developer";
				COPY_PHASE_STRIP = NO;
				DEBUG_INFORMATION_FORMAT = dwarf;
				ENABLE_STRICT_OBJC_MSGSEND = YES;
				ENABLE_TESTABILITY = YES;
				GCC_C_LANGUAGE_STANDARD = gnu99;
				GCC_DYNAMIC_NO_PIC = NO;
				GCC_NO_COMMON_BLOCKS = YES;
				GCC_OPTIMIZATION_LEVEL = 0;
				GCC_PREPROCESSOR_DEFINITIONS = (
					"DEBUG=1",
					"$(inherited)",
				);
				GCC_WARN_64_TO_32_BIT_CONVERSION = YES;
				GCC_WARN_ABOUT_RETURN_TYPE = YES_ERROR;
				GCC_WARN_UNDECLARED_SELECTOR = YES;
				GCC_WARN_UNINITIALIZED_AUTOS = YES_AGGRESSIVE;
				GCC_WARN_UNUSED_FUNCTION = YES;
				GCC_WARN_UNUSED_VARIABLE = YES;
				IPHONEOS_DEPLOYMENT_TARGET = 9.3;
				MTL_ENABLE_DEBUG_INFO = YES;
				ONLY_ACTIVE_ARCH = YES;
				SDKROOT = iphoneos;
				SWIFT_OPTIMIZATION_LEVEL = "-Onone";
				TARGETED_DEVICE_FAMILY = "1,2";
			};
			name = Debug;
		};
		DDAD92DD1D1D6F500001030B /* Release */ = {
			isa = XCBuildConfiguration;
			buildSettings = {
				ALWAYS_SEARCH_USER_PATHS = NO;
				CLANG_ANALYZER_NONNULL = YES;
				CLANG_CXX_LANGUAGE_STANDARD = "gnu++0x";
				CLANG_CXX_LIBRARY = "libc++";
				CLANG_ENABLE_MODULES = YES;
				CLANG_ENABLE_OBJC_ARC = YES;
				CLANG_WARN_BOOL_CONVERSION = YES;
				CLANG_WARN_CONSTANT_CONVERSION = YES;
				CLANG_WARN_DIRECT_OBJC_ISA_USAGE = YES_ERROR;
				CLANG_WARN_EMPTY_BODY = YES;
				CLANG_WARN_ENUM_CONVERSION = YES;
				CLANG_WARN_INT_CONVERSION = YES;
				CLANG_WARN_OBJC_ROOT_CLASS = YES_ERROR;
				CLANG_WARN_UNREACHABLE_CODE = YES;
				CLANG_WARN__DUPLICATE_METHOD_MATCH = YES;
				"CODE_SIGN_IDENTITY[sdk=iphoneos*]" = "iPhone Developer";
				COPY_PHASE_STRIP = NO;
				DEBUG_INFORMATION_FORMAT = "dwarf-with-dsym";
				ENABLE_NS_ASSERTIONS = NO;
				ENABLE_STRICT_OBJC_MSGSEND = YES;
				GCC_C_LANGUAGE_STANDARD = gnu99;
				GCC_NO_COMMON_BLOCKS = YES;
				GCC_WARN_64_TO_32_BIT_CONVERSION = YES;
				GCC_WARN_ABOUT_RETURN_TYPE = YES_ERROR;
				GCC_WARN_UNDECLARED_SELECTOR = YES;
				GCC_WARN_UNINITIALIZED_AUTOS = YES_AGGRESSIVE;
				GCC_WARN_UNUSED_FUNCTION = YES;
				GCC_WARN_UNUSED_VARIABLE = YES;
				IPHONEOS_DEPLOYMENT_TARGET = 9.3;
				MTL_ENABLE_DEBUG_INFO = NO;
				SDKROOT = iphoneos;
				TARGETED_DEVICE_FAMILY = "1,2";
				VALIDATE_PRODUCT = YES;
			};
			name = Release;
		};
		DDAD92DF1D1D6F500001030B /* Debug */ = {
			isa = XCBuildConfiguration;
			buildSettings = {
				ASSETCATALOG_COMPILER_APPICON_NAME = AppIcon;
				INFOPLIST_FILE = Jawa/Info.plist;
				LD_RUNPATH_SEARCH_PATHS = "$(inherited) @executable_path/Frameworks";
				PRODUCT_BUNDLE_IDENTIFIER = com.mitulmanish.Jawa;
				PRODUCT_NAME = "$(TARGET_NAME)";
			};
			name = Debug;
		};
		DDAD92E01D1D6F500001030B /* Release */ = {
			isa = XCBuildConfiguration;
			buildSettings = {
				ASSETCATALOG_COMPILER_APPICON_NAME = AppIcon;
				INFOPLIST_FILE = Jawa/Info.plist;
				LD_RUNPATH_SEARCH_PATHS = "$(inherited) @executable_path/Frameworks";
				PRODUCT_BUNDLE_IDENTIFIER = com.mitulmanish.Jawa;
				PRODUCT_NAME = "$(TARGET_NAME)";
			};
			name = Release;
		};
/* End XCBuildConfiguration section */

/* Begin XCConfigurationList section */
		DDAD92C71D1D6F500001030B /* Build configuration list for PBXProject "Jawa" */ = {
			isa = XCConfigurationList;
			buildConfigurations = (
				DDAD92DC1D1D6F500001030B /* Debug */,
				DDAD92DD1D1D6F500001030B /* Release */,
			);
			defaultConfigurationIsVisible = 0;
			defaultConfigurationName = Release;
		};
		DDAD92DE1D1D6F500001030B /* Build configuration list for PBXNativeTarget "Jawa" */ = {
			isa = XCConfigurationList;
			buildConfigurations = (
				DDAD92DF1D1D6F500001030B /* Debug */,
				DDAD92E01D1D6F500001030B /* Release */,
			);
			defaultConfigurationIsVisible = 0;
			defaultConfigurationName = Release;
		};
/* End XCConfigurationList section */
	};
	rootObject = DDAD92C41D1D6F500001030B /* Project object */;
}
